# THIS IS AN AUTOGENERATED FILE. DO NOT EDIT THIS FILE DIRECTLY.
# yarn lockfile v1


"@playwright/test@^1.54.0":
  version "1.54.0"
  resolved "https://registry.yarnpkg.com/@playwright/test/-/test-1.54.0.tgz#e5d824402c8586172b53a449a1c892237a7fe18c"
  integrity sha512-6Mnd5daQmLivaLu5kxUg6FxPtXY4sXsS5SUwKjWNy4ISe4pKraNHoFxcsaTFiNUULbjy0Vlb5HT86QuM0Jy1pQ==
  dependencies:
    playwright "1.54.0"

dotenv@^16.4.7:
  version "16.6.1"
  resolved "https://registry.yarnpkg.com/dotenv/-/dotenv-16.6.1.tgz#773f0e69527a8315c7285d5ee73c4459d20a8020"
  integrity sha512-uBq4egWHTcTt33a72vpSG0z3HnPuIl6NqYcTrKEg2azoEyl2hpW0zqlxysq2pK9HlDIHyHyakeYaYnSAwd8bow==

fsevents@2.3.2:
  version "2.3.2"
  resolved "https://registry.yarnpkg.com/fsevents/-/fsevents-2.3.2.tgz#8a526f78b8fdf4623b709e0b975c52c24c02fd1a"
  integrity sha512-xiqMQR4xAeHTuB9uWm+fFRcIOgKBMiOBP+eXiyT7jsgVCq1bkVygt00oASowB7EdtpOHaaPgKt812P9ab+DDKA==

playwright-core@1.54.0:
  version "1.54.0"
  resolved "https://registry.yarnpkg.com/playwright-core/-/playwright-core-1.54.0.tgz#a019b51d537250d809bbd5f612f5bc712bcbff7b"
  integrity sha512-uiWpWaJh3R3etpJ0QrpligEMl62Dk1iSAB6NUXylvmQz+e3eipXHDHvOvydDAssb5Oqo0E818qdn0L9GcJSTyA==

playwright@1.54.0:
  version "1.54.0"
  resolved "https://registry.yarnpkg.com/playwright/-/playwright-1.54.0.tgz#cd1538103c872d02ab22bf3bcb8abfc5705b336b"
  integrity sha512-y9yzHmXRwEUOpghM7XGcA38GjWuTOUMaTIcm/5rHcYVjh5MSp9qQMRRMc/+p1cx+csoPnX4wkxAF61v5VKirxg==
  dependencies:
    playwright-core "1.54.0"
  optionalDependencies:
    fsevents "2.3.2"
